// !$*UTF8*$!
{
	archiveVersion = 1;
	classes = {
	};
	objectVersion = 46;
	objects = {

/* Begin PBXBuildFile section */
		125892DA1DE49409000CAF3E /* AppDelegate.swift in Sources */ = {isa = PBXBuildFile; fileRef = 125892D91DE49409000CAF3E /* AppDelegate.swift */; };
		125892DC1DE49409000CAF3E /* ViewController.swift in Sources */ = {isa = PBXBuildFile; fileRef = 125892DB1DE49409000CAF3E /* ViewController.swift */; };
		125892DF1DE49409000CAF3E /* Main.storyboard in Resources */ = {isa = PBXBuildFile; fileRef = 125892DD1DE49409000CAF3E /* Main.storyboard */; };
		125892E11DE49409000CAF3E /* Assets.xcassets in Resources */ = {isa = PBXBuildFile; fileRef = 125892E01DE49409000CAF3E /* Assets.xcassets */; };
		125892E41DE49409000CAF3E /* LaunchScreen.storyboard in Resources */ = {isa = PBXBuildFile; fileRef = 125892E21DE49409000CAF3E /* LaunchScreen.storyboard */; };
/* End PBXBuildFile section */

/* Begin PBXFileReference section */
		125892D61DE49409000CAF3E /* pushnotifications.app */ = {isa = PBXFileReference; explicitFileType = wrapper.application; includeInIndex = 0; path = pushnotifications.app; sourceTree = BUILT_PRODUCTS_DIR; };
		125892D91DE49409000CAF3E /* AppDelegate.swift */ = {isa = PBXFileReference; lastKnownFileType = sourcecode.swift; path = AppDelegate.swift; sourceTree = "<group>"; };
		125892DB1DE49409000CAF3E /* ViewController.swift */ = {isa = PBXFileReference; lastKnownFileType = sourcecode.swift; path = ViewController.swift; sourceTree = "<group>"; };
		125892DE1DE49409000CAF3E /* Base */ = {isa = PBXFileReference; lastKnownFileType = file.storyboard; name = Base; path = Base.lproj/Main.storyboard; sourceTree = "<group>"; };
		125892E01DE49409000CAF3E /* Assets.xcassets */ = {isa = PBXFileReference; lastKnownFileType = folder.assetcatalog; path = Assets.xcassets; sourceTree = "<group>"; };
		125892E31DE49409000CAF3E /* Base */ = {isa = PBXFileReference; lastKnownFileType = file.storyboard; name = Base; path = Base.lproj/LaunchScreen.storyboard; sourceTree = "<group>"; };
		125892E51DE49409000CAF3E /* Info.plist */ = {isa = PBXFileReference; lastKnownFileType = text.plist.xml; path = Info.plist; sourceTree = "<group>"; };
/* End PBXFileReference section */

/* Begin PBXFrameworksBuildPhase section */
		125892D31DE49409000CAF3E /* Frameworks */ = {
			isa = PBXFrameworksBuildPhase;
			buildActionMask = 2147483647;
			files = (
			);
			runOnlyForDeploymentPostprocessing = 0;
		};
/* End PBXFrameworksBuildPhase section */

/* Begin PBXGroup section */
		125892CD1DE49409000CAF3E = {
			isa = PBXGroup;
			children = (
				125892D81DE49409000CAF3E /* pushnotifications */,
				125892D71DE49409000CAF3E /* Products */,
			);
			sourceTree = "<group>";
		};
		125892D71DE49409000CAF3E /* Products */ = {
			isa = PBXGroup;
			children = (
				125892D61DE49409000CAF3E /* pushnotifications.app */,
			);
			name = Products;
			sourceTree = "<group>";
		};
		125892D81DE49409000CAF3E /* pushnotifications */ = {
			isa = PBXGroup;
			children = (
				125892D91DE49409000CAF3E /* AppDelegate.swift */,
				125892DB1DE49409000CAF3E /* ViewController.swift */,
				125892DD1DE49409000CAF3E /* Main.storyboard */,
				125892E01DE49409000CAF3E /* Assets.xcassets */,
				125892E21DE49409000CAF3E /* LaunchScreen.storyboard */,
				125892E51DE49409000CAF3E /* Info.plist */,
			);
			path = pushnotifications;
			sourceTree = "<group>";
		};
/* End PBXGroup section */

/* Begin PBXNativeTarget section */
		125892D51DE49409000CAF3E /* pushnotifications */ = {
			isa = PBXNativeTarget;
			buildConfigurationList = 125892E81DE49409000CAF3E /* Build configuration list for PBXNativeTarget "pushnotifications" */;
			buildPhases = (
				125892D21DE49409000CAF3E /* Sources */,
				125892D31DE49409000CAF3E /* Frameworks */,
				125892D41DE49409000CAF3E /* Resources */,
			);
			buildRules = (
			);
			dependencies = (
			);
			name = pushnotifications;
			productName = pushnotifications;
			productReference = 125892D61DE49409000CAF3E /* pushnotifications.app */;
			productType = "com.apple.product-type.application";
		};
/* End PBXNativeTarget section */

/* Begin PBXProject section */
		125892CE1DE49409000CAF3E /* Project object */ = {
			isa = PBXProject;
			attributes = {
				LastSwiftUpdateCheck = 0820;
				LastUpgradeCheck = 0820;
				ORGANIZATIONNAME = brunnogoncalves;
				TargetAttributes = {
					125892D51DE49409000CAF3E = {
						CreatedOnToolsVersion = 8.2;
						DevelopmentTeam = 54DAHYNVB6;
						ProvisioningStyle = Automatic;
					};
				};
			};
			buildConfigurationList = 125892D11DE49409000CAF3E /* Build configuration list for PBXProject "pushnotifications" */;
			compatibilityVersion = "Xcode 3.2";
			developmentRegion = English;
			hasScannedForEncodings = 0;
			knownRegions = (
				en,
				Base,
			);
			mainGroup = 125892CD1DE49409000CAF3E;
			productRefGroup = 125892D71DE49409000CAF3E /* Products */;
			projectDirPath = "";
			projectRoot = "";
			targets = (
				125892D51DE49409000CAF3E /* pushnotifications */,
			);
		};
/* End PBXProject section */

/* Begin PBXResourcesBuildPhase section */
		125892D41DE49409000CAF3E /* Resources */ = {
			isa = PBXResourcesBuildPhase;
			buildActionMask = 2147483647;
			files = (
				125892E41DE49409000CAF3E /* LaunchScreen.storyboard in Resources */,
				125892E11DE49409000CAF3E /* Assets.xcassets in Resources */,
				125892DF1DE49409000CAF3E /* Main.storyboard in Resources */,
			);
			runOnlyForDeploymentPostprocessing = 0;
		};
/* End PBXResourcesBuildPhase section */

/* Begin PBXSourcesBuildPhase section */
		125892D21DE49409000CAF3E /* Sources */ = {
			isa = PBXSourcesBuildPhase;
			buildActionMask = 2147483647;
			files = (
				125892DC1DE49409000CAF3E /* ViewController.swift in Sources */,
				125892DA1DE49409000CAF3E /* AppDelegate.swift in Sources */,
			);
			runOnlyForDeploymentPostprocessing = 0;
		};
/* End PBXSourcesBuildPhase section */

/* Begin PBXVariantGroup section */
		125892DD1DE49409000CAF3E /* Main.storyboard */ = {
			isa = PBXVariantGroup;
			children = (
				125892DE1DE49409000CAF3E /* Base */,
			);
			name = Main.storyboard;
			sourceTree = "<group>";
		};
		125892E21DE49409000CAF3E /* LaunchScreen.storyboard */ = {
			isa = PBXVariantGroup;
			children = (
				125892E31DE49409000CAF3E /* Base */,
			);
			name = LaunchScreen.storyboard;
			sourceTree = "<group>";
		};
/* End PBXVariantGroup section */

/* Begin XCBuildConfiguration section */
		125892E61DE49409000CAF3E /* Debug */ = {
			isa = XCBuildConfiguration;
			buildSettings = {
				ALWAYS_SEARCH_USER_PATHS = NO;
				CLANG_ANALYZER_NONNULL = YES;
				CLANG_CXX_LANGUAGE_STANDARD = "gnu++0x";
				CLANG_CXX_LIBRARY = "libc++";
				CLANG_ENABLE_MODULES = YES;
				CLANG_ENABLE_OBJC_ARC = YES;
				CLANG_WARN_BOOL_CONVERSION = YES;
				CLANG_WARN_CONSTANT_CONVERSION = YES;
				CLANG_WARN_DIRECT_OBJC_ISA_USAGE = YES_ERROR;
				CLANG_WARN_DOCUMENTATION_COMMENTS = YES;
				CLANG_WARN_EMPTY_BODY = YES;
				CLANG_WARN_ENUM_CONVERSION = YES;
				CLANG_WARN_INFINITE_RECURSION = YES;
				CLANG_WARN_INT_CONVERSION = YES;
				CLANG_WARN_OBJC_ROOT_CLASS = YES_ERROR;
				CLANG_WARN_SUSPICIOUS_MOVE = YES;
				CLANG_WARN_UNREACHABLE_CODE = YES;
				CLANG_WARN__DUPLICATE_METHOD_MATCH = YES;
				"CODE_SIGN_IDENTITY[sdk=iphoneos*]" = "iPhone Developer";
				COPY_PHASE_STRIP = NO;
				DEBUG_INFORMATION_FORMAT = dwarf;
				ENABLE_STRICT_OBJC_MSGSEND = YES;
				ENABLE_TESTABILITY = YES;
				GCC_C_LANGUAGE_STANDARD = gnu99;
				GCC_DYNAMIC_NO_PIC = NO;
				GCC_NO_COMMON_BLOCKS = YES;
				GCC_OPTIMIZATION_LEVEL = 0;
				GCC_PREPROCESSOR_DEFINITIONS = (
					"DEBUG=1",
					"$(inherited)",
				);
				GCC_WARN_64_TO_32_BIT_CONVERSION = YES;
				GCC_WARN_ABOUT_RETURN_TYPE = YES_ERROR;
				GCC_WARN_UNDECLARED_SELECTOR = YES;
				GCC_WARN_UNINITIALIZED_AUTOS = YES_AGGRESSIVE;
				GCC_WARN_UNUSED_FUNCTION = YES;
				GCC_WARN_UNUSED_VARIABLE = YES;
				IPHONEOS_DEPLOYMENT_TARGET = 10.2;
				MTL_ENABLE_DEBUG_INFO = YES;
				ONLY_ACTIVE_ARCH = YES;
				SDKROOT = iphoneos;
				SWIFT_ACTIVE_COMPILATION_CONDITIONS = DEBUG;
				SWIFT_OPTIMIZATION_LEVEL = "-Onone";
			};
			name = Debug;
		};
		125892E71DE49409000CAF3E /* Release */ = {
			isa = XCBuildConfiguration;
			buildSettings = {
				ALWAYS_SEARCH_USER_PATHS = NO;
				CLANG_ANALYZER_NONNULL = YES;
				CLANG_CXX_LANGUAGE_STANDARD = "gnu++0x";
				CLANG_CXX_LIBRARY = "libc++";
				CLANG_ENABLE_MODULES = YES;
				CLANG_ENABLE_OBJC_ARC = YES;
				CLANG_WARN_BOOL_CONVERSION = YES;
				CLANG_WARN_CONSTANT_CONVERSION = YES;
				CLANG_WARN_DIRECT_OBJC_ISA_USAGE = YES_ERROR;
				CLANG_WARN_DOCUMENTATION_COMMENTS = YES;
				CLANG_WARN_EMPTY_BODY = YES;
				CLANG_WARN_ENUM_CONVERSION = YES;
				CLANG_WARN_INFINITE_RECURSION = YES;
				CLANG_WARN_INT_CONVERSION = YES;
				CLANG_WARN_OBJC_ROOT_CLASS = YES_ERROR;
				CLANG_WARN_SUSPICIOUS_MOVE = YES;
				CLANG_WARN_UNREACHABLE_CODE = YES;
				CLANG_WARN__DUPLICATE_METHOD_MATCH = YES;
				"CODE_SIGN_IDENTITY[sdk=iphoneos*]" = "iPhone Developer";
				COPY_PHASE_STRIP = NO;
				DEBUG_INFORMATION_FORMAT = "dwarf-with-dsym";
				ENABLE_NS_ASSERTIONS = NO;
				ENABLE_STRICT_OBJC_MSGSEND = YES;
				GCC_C_LANGUAGE_STANDARD = gnu99;
				GCC_NO_COMMON_BLOCKS = YES;
				GCC_WARN_64_TO_32_BIT_CONVERSION = YES;
				GCC_WARN_ABOUT_RETURN_TYPE = YES_ERROR;
				GCC_WARN_UNDECLARED_SELECTOR = YES;
				GCC_WARN_UNINITIALIZED_AUTOS = YES_AGGRESSIVE;
				GCC_WARN_UNUSED_FUNCTION = YES;
				GCC_WARN_UNUSED_VARIABLE = YES;
				IPHONEOS_DEPLOYMENT_TARGET = 10.2;
				MTL_ENABLE_DEBUG_INFO = NO;
				SDKROOT = iphoneos;
				SWIFT_OPTIMIZATION_LEVEL = "-Owholemodule";
				VALIDATE_PRODUCT = YES;
			};
			name = Release;
		};
		125892E91DE49409000CAF3E /* Debug */ = {
			isa = XCBuildConfiguration;
			buildSettings = {
				ASSETCATALOG_COMPILER_APPICON_NAME = AppIcon;
				DEVELOPMENT_TEAM = 54DAHYNVB6;
				INFOPLIST_FILE = pushnotifications/Info.plist;
				LD_RUNPATH_SEARCH_PATHS = "$(inherited) @executable_path/Frameworks";
				PRODUCT_BUNDLE_IDENTIFIER = com.brunnogoncalves.pushnotifications;
				PRODUCT_NAME = "$(TARGET_NAME)";
				SWIFT_VERSION = 3.0;
			};
			name = Debug;
		};
		125892EA1DE49409000CAF3E /* Release */ = {
			isa = XCBuildConfiguration;
			buildSettings = {
				ASSETCATALOG_COMPILER_APPICON_NAME = AppIcon;
				DEVELOPMENT_TEAM = 54DAHYNVB6;
				INFOPLIST_FILE = pushnotifications/Info.plist;
				LD_RUNPATH_SEARCH_PATHS = "$(inherited) @executable_path/Frameworks";
				PRODUCT_BUNDLE_IDENTIFIER = com.brunnogoncalves.pushnotifications;
				PRODUCT_NAME = "$(TARGET_NAME)";
				SWIFT_VERSION = 3.0;
			};
			name = Release;
		};
/* End XCBuildConfiguration section */

/* Begin XCConfigurationList section */
		125892D11DE49409000CAF3E /* Build configuration list for PBXProject "pushnotifications" */ = {
			isa = XCConfigurationList;
			buildConfigurations = (
				125892E61DE49409000CAF3E /* Debug */,
				125892E71DE49409000CAF3E /* Release */,
			);
			defaultConfigurationIsVisible = 0;
			defaultConfigurationName = Release;
		};
		125892E81DE49409000CAF3E /* Build configuration list for PBXNativeTarget "pushnotifications" */ = {
			isa = XCConfigurationList;
			buildConfigurations = (
				125892E91DE49409000CAF3E /* Debug */,
				125892EA1DE49409000CAF3E /* Release */,
			);
			defaultConfigurationIsVisible = 0;
		};
/* End XCConfigurationList section */
	};
	rootObject = 125892CE1DE49409000CAF3E /* Project object */;
}
